
Microsoft Visual Studio Solution File, Format Version 12.00
# Visual Studio Version 17
VisualStudioVersion = 17.1.32421.90
MinimumVisualStudioVersion = 10.0.40219.1
Project("{FAE04EC0-301F-11D3-BF4B-00C04F79EFBC}") = "AzureLoginDemo", "AzureLoginDemo\AzureLoginDemo.csproj", "{11452583-14FC-43CF-BA69-79A61BFE53BD}"
EndProject
Global
	GlobalSection(SolutionConfigurationPlatforms) = preSolution
		Debug|Any CPU = Debug|Any CPU
		Release|Any CPU = Release|Any CPU
	EndGlobalSection
	GlobalSection(ProjectConfigurationPlatforms) = postSolution
		{11452583-14FC-43CF-BA69-79A61BFE53BD}.Debug|Any CPU.ActiveCfg = Debug|Any CPU
		{11452583-14FC-43CF-BA69-79A61BFE53BD}.Debug|Any CPU.Build.0 = Debug|Any CPU
		{11452583-14FC-43CF-BA69-79A61BFE53BD}.Release|Any CPU.ActiveCfg = Release|Any CPU
		{11452583-14FC-43CF-BA69-79A61BFE53BD}.Release|Any CPU.Build.0 = Release|Any CPU
	EndGlobalSection
	GlobalSection(SolutionProperties) = preSolution
		HideSolutionNode = FALSE
	EndGlobalSection
	GlobalSection(ExtensibilityGlobals) = postSolution
		SolutionGuid = {902BFE8F-208A-429F-9FAC-3A127812CC28}
	EndGlobalSection
EndGlobal
